// !$*UTF8*$!
{
	archiveVersion = 1;
	classes = {
	};
	objectVersion = 46;
	objects = {

/* Begin PBXBuildFile section */
		E094CEA019FF698000F1EF36 /* main.m in Sources */ = {isa = PBXBuildFile; fileRef = E094CE9F19FF698000F1EF36 /* main.m */; };
		E094CEA319FF698000F1EF36 /* AppDelegate.m in Sources */ = {isa = PBXBuildFile; fileRef = E094CEA219FF698000F1EF36 /* AppDelegate.m */; };
		E094CEA619FF698000F1EF36 /* ViewController.m in Sources */ = {isa = PBXBuildFile; fileRef = E094CEA519FF698000F1EF36 /* ViewController.m */; };
		E094CEA919FF698000F1EF36 /* Main.storyboard in Resources */ = {isa = PBXBuildFile; fileRef = E094CEA719FF698000F1EF36 /* Main.storyboard */; };
		E094CEAB19FF698000F1EF36 /* Images.xcassets in Resources */ = {isa = PBXBuildFile; fileRef = E094CEAA19FF698000F1EF36 /* Images.xcassets */; };
		E094CEAE19FF698000F1EF36 /* LaunchScreen.xib in Resources */ = {isa = PBXBuildFile; fileRef = E094CEAC19FF698000F1EF36 /* LaunchScreen.xib */; };
		E094CEBA19FF698100F1EF36 /* iOS8AlertDemoTests.m in Sources */ = {isa = PBXBuildFile; fileRef = E094CEB919FF698100F1EF36 /* iOS8AlertDemoTests.m */; };
		E094CEC519FF699A00F1EF36 /* FYAlertManage.m in Sources */ = {isa = PBXBuildFile; fileRef = E094CEC319FF699A00F1EF36 /* FYAlertManage.m */; };
		E094CEC819FF707000F1EF36 /* NSObject+LogDealloc.m in Sources */ = {isa = PBXBuildFile; fileRef = E094CEC719FF707000F1EF36 /* NSObject+LogDealloc.m */; };
/* End PBXBuildFile section */

/* Begin PBXContainerItemProxy section */
		E094CEB419FF698100F1EF36 /* PBXContainerItemProxy */ = {
			isa = PBXContainerItemProxy;
			containerPortal = E094CE9219FF698000F1EF36 /* Project object */;
			proxyType = 1;
			remoteGlobalIDString = E094CE9919FF698000F1EF36;
			remoteInfo = iOS8AlertDemo;
		};
/* End PBXContainerItemProxy section */

/* Begin PBXFileReference section */
		E094CE9A19FF698000F1EF36 /* iOS8AlertDemo.app */ = {isa = PBXFileReference; explicitFileType = wrapper.application; includeInIndex = 0; path = iOS8AlertDemo.app; sourceTree = BUILT_PRODUCTS_DIR; };
		E094CE9E19FF698000F1EF36 /* Info.plist */ = {isa = PBXFileReference; lastKnownFileType = text.plist.xml; path = Info.plist; sourceTree = "<group>"; };
		E094CE9F19FF698000F1EF36 /* main.m */ = {isa = PBXFileReference; lastKnownFileType = sourcecode.c.objc; path = main.m; sourceTree = "<group>"; };
		E094CEA119FF698000F1EF36 /* AppDelegate.h */ = {isa = PBXFileReference; lastKnownFileType = sourcecode.c.h; path = AppDelegate.h; sourceTree = "<group>"; };
		E094CEA219FF698000F1EF36 /* AppDelegate.m */ = {isa = PBXFileReference; lastKnownFileType = sourcecode.c.objc; path = AppDelegate.m; sourceTree = "<group>"; };
		E094CEA419FF698000F1EF36 /* ViewController.h */ = {isa = PBXFileReference; lastKnownFileType = sourcecode.c.h; path = ViewController.h; sourceTree = "<group>"; };
		E094CEA519FF698000F1EF36 /* ViewController.m */ = {isa = PBXFileReference; lastKnownFileType = sourcecode.c.objc; path = ViewController.m; sourceTree = "<group>"; };
		E094CEA819FF698000F1EF36 /* Base */ = {isa = PBXFileReference; lastKnownFileType = file.storyboard; name = Base; path = Base.lproj/Main.storyboard; sourceTree = "<group>"; };
		E094CEAA19FF698000F1EF36 /* Images.xcassets */ = {isa = PBXFileReference; lastKnownFileType = folder.assetcatalog; path = Images.xcassets; sourceTree = "<group>"; };
		E094CEAD19FF698000F1EF36 /* Base */ = {isa = PBXFileReference; lastKnownFileType = file.xib; name = Base; path = Base.lproj/LaunchScreen.xib; sourceTree = "<group>"; };
		E094CEB319FF698100F1EF36 /* iOS8AlertDemoTests.xctest */ = {isa = PBXFileReference; explicitFileType = wrapper.cfbundle; includeInIndex = 0; path = iOS8AlertDemoTests.xctest; sourceTree = BUILT_PRODUCTS_DIR; };
		E094CEB819FF698100F1EF36 /* Info.plist */ = {isa = PBXFileReference; lastKnownFileType = text.plist.xml; path = Info.plist; sourceTree = "<group>"; };
		E094CEB919FF698100F1EF36 /* iOS8AlertDemoTests.m */ = {isa = PBXFileReference; lastKnownFileType = sourcecode.c.objc; path = iOS8AlertDemoTests.m; sourceTree = "<group>"; };
		E094CEC319FF699A00F1EF36 /* FYAlertManage.m */ = {isa = PBXFileReference; fileEncoding = 4; lastKnownFileType = sourcecode.c.objc; path = FYAlertManage.m; sourceTree = "<group>"; };
		E094CEC419FF699A00F1EF36 /* FYAlertManage.h */ = {isa = PBXFileReference; fileEncoding = 4; lastKnownFileType = sourcecode.c.h; path = FYAlertManage.h; sourceTree = "<group>"; };
		E094CEC619FF707000F1EF36 /* NSObject+LogDealloc.h */ = {isa = PBXFileReference; fileEncoding = 4; lastKnownFileType = sourcecode.c.h; path = "NSObject+LogDealloc.h"; sourceTree = "<group>"; };
		E094CEC719FF707000F1EF36 /* NSObject+LogDealloc.m */ = {isa = PBXFileReference; fileEncoding = 4; lastKnownFileType = sourcecode.c.objc; path = "NSObject+LogDealloc.m"; sourceTree = "<group>"; };
/* End PBXFileReference section */

/* Begin PBXFrameworksBuildPhase section */
		E094CE9719FF698000F1EF36 /* Frameworks */ = {
			isa = PBXFrameworksBuildPhase;
			buildActionMask = 2147483647;
			files = (
			);
			runOnlyForDeploymentPostprocessing = 0;
		};
		E094CEB019FF698100F1EF36 /* Frameworks */ = {
			isa = PBXFrameworksBuildPhase;
			buildActionMask = 2147483647;
			files = (
			);
			runOnlyForDeploymentPostprocessing = 0;
		};
/* End PBXFrameworksBuildPhase section */

/* Begin PBXGroup section */
		E094CE9119FF698000F1EF36 = {
			isa = PBXGroup;
			children = (
				E094CE9C19FF698000F1EF36 /* iOS8AlertDemo */,
				E094CEB619FF698100F1EF36 /* iOS8AlertDemoTests */,
				E094CE9B19FF698000F1EF36 /* Products */,
			);
			sourceTree = "<group>";
		};
		E094CE9B19FF698000F1EF36 /* Products */ = {
			isa = PBXGroup;
			children = (
				E094CE9A19FF698000F1EF36 /* iOS8AlertDemo.app */,
				E094CEB319FF698100F1EF36 /* iOS8AlertDemoTests.xctest */,
			);
			name = Products;
			sourceTree = "<group>";
		};
		E094CE9C19FF698000F1EF36 /* iOS8AlertDemo */ = {
			isa = PBXGroup;
			children = (
				E094CEC619FF707000F1EF36 /* NSObject+LogDealloc.h */,
				E094CEC719FF707000F1EF36 /* NSObject+LogDealloc.m */,
				E094CEC419FF699A00F1EF36 /* FYAlertManage.h */,
				E094CEC319FF699A00F1EF36 /* FYAlertManage.m */,
				E094CEA119FF698000F1EF36 /* AppDelegate.h */,
				E094CEA219FF698000F1EF36 /* AppDelegate.m */,
				E094CEA419FF698000F1EF36 /* ViewController.h */,
				E094CEA519FF698000F1EF36 /* ViewController.m */,
				E094CEA719FF698000F1EF36 /* Main.storyboard */,
				E094CEAA19FF698000F1EF36 /* Images.xcassets */,
				E094CEAC19FF698000F1EF36 /* LaunchScreen.xib */,
				E094CE9D19FF698000F1EF36 /* Supporting Files */,
			);
			path = iOS8AlertDemo;
			sourceTree = "<group>";
		};
		E094CE9D19FF698000F1EF36 /* Supporting Files */ = {
			isa = PBXGroup;
			children = (
				E094CE9E19FF698000F1EF36 /* Info.plist */,
				E094CE9F19FF698000F1EF36 /* main.m */,
			);
			name = "Supporting Files";
			sourceTree = "<group>";
		};
		E094CEB619FF698100F1EF36 /* iOS8AlertDemoTests */ = {
			isa = PBXGroup;
			children = (
				E094CEB919FF698100F1EF36 /* iOS8AlertDemoTests.m */,
				E094CEB719FF698100F1EF36 /* Supporting Files */,
			);
			path = iOS8AlertDemoTests;
			sourceTree = "<group>";
		};
		E094CEB719FF698100F1EF36 /* Supporting Files */ = {
			isa = PBXGroup;
			children = (
				E094CEB819FF698100F1EF36 /* Info.plist */,
			);
			name = "Supporting Files";
			sourceTree = "<group>";
		};
/* End PBXGroup section */

/* Begin PBXNativeTarget section */
		E094CE9919FF698000F1EF36 /* iOS8AlertDemo */ = {
			isa = PBXNativeTarget;
			buildConfigurationList = E094CEBD19FF698100F1EF36 /* Build configuration list for PBXNativeTarget "iOS8AlertDemo" */;
			buildPhases = (
				E094CE9619FF698000F1EF36 /* Sources */,
				E094CE9719FF698000F1EF36 /* Frameworks */,
				E094CE9819FF698000F1EF36 /* Resources */,
			);
			buildRules = (
			);
			dependencies = (
			);
			name = iOS8AlertDemo;
			productName = iOS8AlertDemo;
			productReference = E094CE9A19FF698000F1EF36 /* iOS8AlertDemo.app */;
			productType = "com.apple.product-type.application";
		};
		E094CEB219FF698100F1EF36 /* iOS8AlertDemoTests */ = {
			isa = PBXNativeTarget;
			buildConfigurationList = E094CEC019FF698100F1EF36 /* Build configuration list for PBXNativeTarget "iOS8AlertDemoTests" */;
			buildPhases = (
				E094CEAF19FF698100F1EF36 /* Sources */,
				E094CEB019FF698100F1EF36 /* Frameworks */,
				E094CEB119FF698100F1EF36 /* Resources */,
			);
			buildRules = (
			);
			dependencies = (
				E094CEB519FF698100F1EF36 /* PBXTargetDependency */,
			);
			name = iOS8AlertDemoTests;
			productName = iOS8AlertDemoTests;
			productReference = E094CEB319FF698100F1EF36 /* iOS8AlertDemoTests.xctest */;
			productType = "com.apple.product-type.bundle.unit-test";
		};
/* End PBXNativeTarget section */

/* Begin PBXProject section */
		E094CE9219FF698000F1EF36 /* Project object */ = {
			isa = PBXProject;
			attributes = {
				LastUpgradeCheck = 0610;
				ORGANIZATIONNAME = "wang yangyang";
				TargetAttributes = {
					E094CE9919FF698000F1EF36 = {
						CreatedOnToolsVersion = 6.1;
					};
					E094CEB219FF698100F1EF36 = {
						CreatedOnToolsVersion = 6.1;
						TestTargetID = E094CE9919FF698000F1EF36;
					};
				};
			};
			buildConfigurationList = E094CE9519FF698000F1EF36 /* Build configuration list for PBXProject "iOS8AlertDemo" */;
			compatibilityVersion = "Xcode 3.2";
			developmentRegion = English;
			hasScannedForEncodings = 0;
			knownRegions = (
				en,
				Base,
			);
			mainGroup = E094CE9119FF698000F1EF36;
			productRefGroup = E094CE9B19FF698000F1EF36 /* Products */;
			projectDirPath = "";
			projectRoot = "";
			targets = (
				E094CE9919FF698000F1EF36 /* iOS8AlertDemo */,
				E094CEB219FF698100F1EF36 /* iOS8AlertDemoTests */,
			);
		};
/* End PBXProject section */

/* Begin PBXResourcesBuildPhase section */
		E094CE9819FF698000F1EF36 /* Resources */ = {
			isa = PBXResourcesBuildPhase;
			buildActionMask = 2147483647;
			files = (
				E094CEA919FF698000F1EF36 /* Main.storyboard in Resources */,
				E094CEAE19FF698000F1EF36 /* LaunchScreen.xib in Resources */,
				E094CEAB19FF698000F1EF36 /* Images.xcassets in Resources */,
			);
			runOnlyForDeploymentPostprocessing = 0;
		};
		E094CEB119FF698100F1EF36 /* Resources */ = {
			isa = PBXResourcesBuildPhase;
			buildActionMask = 2147483647;
			files = (
			);
			runOnlyForDeploymentPostprocessing = 0;
		};
/* End PBXResourcesBuildPhase section */

/* Begin PBXSourcesBuildPhase section */
		E094CE9619FF698000F1EF36 /* Sources */ = {
			isa = PBXSourcesBuildPhase;
			buildActionMask = 2147483647;
			files = (
				E094CEA619FF698000F1EF36 /* ViewController.m in Sources */,
				E094CEA319FF698000F1EF36 /* AppDelegate.m in Sources */,
				E094CEC519FF699A00F1EF36 /* FYAlertManage.m in Sources */,
				E094CEA019FF698000F1EF36 /* main.m in Sources */,
				E094CEC819FF707000F1EF36 /* NSObject+LogDealloc.m in Sources */,
			);
			runOnlyForDeploymentPostprocessing = 0;
		};
		E094CEAF19FF698100F1EF36 /* Sources */ = {
			isa = PBXSourcesBuildPhase;
			buildActionMask = 2147483647;
			files = (
				E094CEBA19FF698100F1EF36 /* iOS8AlertDemoTests.m in Sources */,
			);
			runOnlyForDeploymentPostprocessing = 0;
		};
/* End PBXSourcesBuildPhase section */

/* Begin PBXTargetDependency section */
		E094CEB519FF698100F1EF36 /* PBXTargetDependency */ = {
			isa = PBXTargetDependency;
			target = E094CE9919FF698000F1EF36 /* iOS8AlertDemo */;
			targetProxy = E094CEB419FF698100F1EF36 /* PBXContainerItemProxy */;
		};
/* End PBXTargetDependency section */

/* Begin PBXVariantGroup section */
		E094CEA719FF698000F1EF36 /* Main.storyboard */ = {
			isa = PBXVariantGroup;
			children = (
				E094CEA819FF698000F1EF36 /* Base */,
			);
			name = Main.storyboard;
			sourceTree = "<group>";
		};
		E094CEAC19FF698000F1EF36 /* LaunchScreen.xib */ = {
			isa = PBXVariantGroup;
			children = (
				E094CEAD19FF698000F1EF36 /* Base */,
			);
			name = LaunchScreen.xib;
			sourceTree = "<group>";
		};
/* End PBXVariantGroup section */

/* Begin XCBuildConfiguration section */
		E094CEBB19FF698100F1EF36 /* Debug */ = {
			isa = XCBuildConfiguration;
			buildSettings = {
				ALWAYS_SEARCH_USER_PATHS = NO;
				CLANG_CXX_LANGUAGE_STANDARD = "gnu++0x";
				CLANG_CXX_LIBRARY = "libc++";
				CLANG_ENABLE_MODULES = YES;
				CLANG_ENABLE_OBJC_ARC = YES;
				CLANG_WARN_BOOL_CONVERSION = YES;
				CLANG_WARN_CONSTANT_CONVERSION = YES;
				CLANG_WARN_DIRECT_OBJC_ISA_USAGE = YES_ERROR;
				CLANG_WARN_EMPTY_BODY = YES;
				CLANG_WARN_ENUM_CONVERSION = YES;
				CLANG_WARN_INT_CONVERSION = YES;
				CLANG_WARN_OBJC_ROOT_CLASS = YES_ERROR;
				CLANG_WARN_UNREACHABLE_CODE = YES;
				CLANG_WARN__DUPLICATE_METHOD_MATCH = YES;
				"CODE_SIGN_IDENTITY[sdk=iphoneos*]" = "iPhone Developer";
				COPY_PHASE_STRIP = NO;
				ENABLE_STRICT_OBJC_MSGSEND = YES;
				GCC_C_LANGUAGE_STANDARD = gnu99;
				GCC_DYNAMIC_NO_PIC = NO;
				GCC_OPTIMIZATION_LEVEL = 0;
				GCC_PREPROCESSOR_DEFINITIONS = (
					"DEBUG=1",
					"$(inherited)",
				);
				GCC_SYMBOLS_PRIVATE_EXTERN = NO;
				GCC_WARN_64_TO_32_BIT_CONVERSION = YES;
				GCC_WARN_ABOUT_RETURN_TYPE = YES_ERROR;
				GCC_WARN_UNDECLARED_SELECTOR = YES;
				GCC_WARN_UNINITIALIZED_AUTOS = YES_AGGRESSIVE;
				GCC_WARN_UNUSED_FUNCTION = YES;
				GCC_WARN_UNUSED_VARIABLE = YES;
				IPHONEOS_DEPLOYMENT_TARGET = 8.1;
				MTL_ENABLE_DEBUG_INFO = YES;
				ONLY_ACTIVE_ARCH = YES;
				SDKROOT = iphoneos;
			};
			name = Debug;
		};
		E094CEBC19FF698100F1EF36 /* Release */ = {
			isa = XCBuildConfiguration;
			buildSettings = {
				ALWAYS_SEARCH_USER_PATHS = NO;
				CLANG_CXX_LANGUAGE_STANDARD = "gnu++0x";
				CLANG_CXX_LIBRARY = "libc++";
				CLANG_ENABLE_MODULES = YES;
				CLANG_ENABLE_OBJC_ARC = YES;
				CLANG_WARN_BOOL_CONVERSION = YES;
				CLANG_WARN_CONSTANT_CONVERSION = YES;
				CLANG_WARN_DIRECT_OBJC_ISA_USAGE = YES_ERROR;
				CLANG_WARN_EMPTY_BODY = YES;
				CLANG_WARN_ENUM_CONVERSION = YES;
				CLANG_WARN_INT_CONVERSION = YES;
				CLANG_WARN_OBJC_ROOT_CLASS = YES_ERROR;
				CLANG_WARN_UNREACHABLE_CODE = YES;
				CLANG_WARN__DUPLICATE_METHOD_MATCH = YES;
				"CODE_SIGN_IDENTITY[sdk=iphoneos*]" = "iPhone Developer";
				COPY_PHASE_STRIP = YES;
				ENABLE_NS_ASSERTIONS = NO;
				ENABLE_STRICT_OBJC_MSGSEND = YES;
				GCC_C_LANGUAGE_STANDARD = gnu99;
				GCC_WARN_64_TO_32_BIT_CONVERSION = YES;
				GCC_WARN_ABOUT_RETURN_TYPE = YES_ERROR;
				GCC_WARN_UNDECLARED_SELECTOR = YES;
				GCC_WARN_UNINITIALIZED_AUTOS = YES_AGGRESSIVE;
				GCC_WARN_UNUSED_FUNCTION = YES;
				GCC_WARN_UNUSED_VARIABLE = YES;
				IPHONEOS_DEPLOYMENT_TARGET = 8.1;
				MTL_ENABLE_DEBUG_INFO = NO;
				SDKROOT = iphoneos;
				VALIDATE_PRODUCT = YES;
			};
			name = Release;
		};
		E094CEBE19FF698100F1EF36 /* Debug */ = {
			isa = XCBuildConfiguration;
			buildSettings = {
				ASSETCATALOG_COMPILER_APPICON_NAME = AppIcon;
				CLANG_ENABLE_OBJC_ARC = YES;
				INFOPLIST_FILE = iOS8AlertDemo/Info.plist;
				IPHONEOS_DEPLOYMENT_TARGET = 6.0;
				LD_RUNPATH_SEARCH_PATHS = "$(inherited) @executable_path/Frameworks";
				PRODUCT_NAME = "$(TARGET_NAME)";
			};
			name = Debug;
		};
		E094CEBF19FF698100F1EF36 /* Release */ = {
			isa = XCBuildConfiguration;
			buildSettings = {
				ASSETCATALOG_COMPILER_APPICON_NAME = AppIcon;
				CLANG_ENABLE_OBJC_ARC = YES;
				INFOPLIST_FILE = iOS8AlertDemo/Info.plist;
				IPHONEOS_DEPLOYMENT_TARGET = 6.0;
				LD_RUNPATH_SEARCH_PATHS = "$(inherited) @executable_path/Frameworks";
				PRODUCT_NAME = "$(TARGET_NAME)";
			};
			name = Release;
		};
		E094CEC119FF698100F1EF36 /* Debug */ = {
			isa = XCBuildConfiguration;
			buildSettings = {
				BUNDLE_LOADER = "$(TEST_HOST)";
				FRAMEWORK_SEARCH_PATHS = (
					"$(SDKROOT)/Developer/Library/Frameworks",
					"$(inherited)",
				);
				GCC_PREPROCESSOR_DEFINITIONS = (
					"DEBUG=1",
					"$(inherited)",
				);
				INFOPLIST_FILE = iOS8AlertDemoTests/Info.plist;
				LD_RUNPATH_SEARCH_PATHS = "$(inherited) @executable_path/Frameworks @loader_path/Frameworks";
				PRODUCT_NAME = "$(TARGET_NAME)";
				TEST_HOST = "$(BUILT_PRODUCTS_DIR)/iOS8AlertDemo.app/iOS8AlertDemo";
			};
			name = Debug;
		};
		E094CEC219FF698100F1EF36 /* Release */ = {
			isa = XCBuildConfiguration;
			buildSettings = {
				BUNDLE_LOADER = "$(TEST_HOST)";
				FRAMEWORK_SEARCH_PATHS = (
					"$(SDKROOT)/Developer/Library/Frameworks",
					"$(inherited)",
				);
				INFOPLIST_FILE = iOS8AlertDemoTests/Info.plist;
				LD_RUNPATH_SEARCH_PATHS = "$(inherited) @executable_path/Frameworks @loader_path/Frameworks";
				PRODUCT_NAME = "$(TARGET_NAME)";
				TEST_HOST = "$(BUILT_PRODUCTS_DIR)/iOS8AlertDemo.app/iOS8AlertDemo";
			};
			name = Release;
		};
/* End XCBuildConfiguration section */

/* Begin XCConfigurationList section */
		E094CE9519FF698000F1EF36 /* Build configuration list for PBXProject "iOS8AlertDemo" */ = {
			isa = XCConfigurationList;
			buildConfigurations = (
				E094CEBB19FF698100F1EF36 /* Debug */,
				E094CEBC19FF698100F1EF36 /* Release */,
			);
			defaultConfigurationIsVisible = 0;
			defaultConfigurationName = Release;
		};
		E094CEBD19FF698100F1EF36 /* Build configuration list for PBXNativeTarget "iOS8AlertDemo" */ = {
			isa = XCConfigurationList;
			buildConfigurations = (
				E094CEBE19FF698100F1EF36 /* Debug */,
				E094CEBF19FF698100F1EF36 /* Release */,
			);
			defaultConfigurationIsVisible = 0;
		};
		E094CEC019FF698100F1EF36 /* Build configuration list for PBXNativeTarget "iOS8AlertDemoTests" */ = {
			isa = XCConfigurationList;
			buildConfigurations = (
				E094CEC119FF698100F1EF36 /* Debug */,
				E094CEC219FF698100F1EF36 /* Release */,
			);
			defaultConfigurationIsVisible = 0;
		};
/* End XCConfigurationList section */
	};
	rootObject = E094CE9219FF698000F1EF36 /* Project object */;
}
